
Microsoft Visual Studio Solution File, Format Version 12.00
# Visual Studio 15
VisualStudioVersion = 15.0.27130.2026
MinimumVisualStudioVersion = 10.0.40219.1
Project("{FAE04EC0-301F-11D3-BF4B-00C04F79EFBC}") = "Hnatob.WebUI", "Hnatob.WebUI\Hnatob.WebUI.csproj", "{2E2AE3F5-0D3A-469A-B961-38418B220F61}"
EndProject
Project("{FAE04EC0-301F-11D3-BF4B-00C04F79EFBC}") = "Hnatob.Domain", "Hnatob.Domain\Hnatob.Domain.csproj", "{C6258F3A-BFD1-482D-B7D6-122A8ADC81E1}"
EndProject
Project("{FAE04EC0-301F-11D3-BF4B-00C04F79EFBC}") = "Hnatob.DataAccessLayer", "Hnatob.DataAccessLayer\Hnatob.DataAccessLayer.csproj", "{2218368E-AC0E-4F79-BF62-708752D6FDC4}"
EndProject
Global
	GlobalSection(SolutionConfigurationPlatforms) = preSolution
		Debug|Any CPU = Debug|Any CPU
		Release|Any CPU = Release|Any CPU
	EndGlobalSection
	GlobalSection(ProjectConfigurationPlatforms) = postSolution
		{2E2AE3F5-0D3A-469A-B961-38418B220F61}.Debug|Any CPU.ActiveCfg = Debug|Any CPU
		{2E2AE3F5-0D3A-469A-B961-38418B220F61}.Debug|Any CPU.Build.0 = Debug|Any CPU
		{2E2AE3F5-0D3A-469A-B961-38418B220F61}.Release|Any CPU.ActiveCfg = Release|Any CPU
		{2E2AE3F5-0D3A-469A-B961-38418B220F61}.Release|Any CPU.Build.0 = Release|Any CPU
		{C6258F3A-BFD1-482D-B7D6-122A8ADC81E1}.Debug|Any CPU.ActiveCfg = Debug|Any CPU
		{C6258F3A-BFD1-482D-B7D6-122A8ADC81E1}.Debug|Any CPU.Build.0 = Debug|Any CPU
		{C6258F3A-BFD1-482D-B7D6-122A8ADC81E1}.Release|Any CPU.ActiveCfg = Release|Any CPU
		{C6258F3A-BFD1-482D-B7D6-122A8ADC81E1}.Release|Any CPU.Build.0 = Release|Any CPU
		{2218368E-AC0E-4F79-BF62-708752D6FDC4}.Debug|Any CPU.ActiveCfg = Debug|Any CPU
		{2218368E-AC0E-4F79-BF62-708752D6FDC4}.Debug|Any CPU.Build.0 = Debug|Any CPU
		{2218368E-AC0E-4F79-BF62-708752D6FDC4}.Release|Any CPU.ActiveCfg = Release|Any CPU
		{2218368E-AC0E-4F79-BF62-708752D6FDC4}.Release|Any CPU.Build.0 = Release|Any CPU
	EndGlobalSection
	GlobalSection(SolutionProperties) = preSolution
		HideSolutionNode = FALSE
	EndGlobalSection
	GlobalSection(ExtensibilityGlobals) = postSolution
		SolutionGuid = {9CFDB3E4-4BA2-4B26-AB01-DBC4D16B3B19}
	EndGlobalSection
EndGlobal
